
Microsoft Visual Studio Solution File, Format Version 12.00
# Visual Studio Version 16
VisualStudioVersion = 16.0.31424.327
MinimumVisualStudioVersion = 10.0.40219.1
Project("{FAE04EC0-301F-11D3-BF4B-00C04F79EFBC}") = "NoSQLMongo", "NoSQLMongo\NoSQLMongo.csproj", "{90326C21-CBFB-4481-B6EA-0F4CEF99E280}"
EndProject
Global
	GlobalSection(SolutionConfigurationPlatforms) = preSolution
		Debug|Any CPU = Debug|Any CPU
		Release|Any CPU = Release|Any CPU
	EndGlobalSection
	GlobalSection(ProjectConfigurationPlatforms) = postSolution
		{90326C21-CBFB-4481-B6EA-0F4CEF99E280}.Debug|Any CPU.ActiveCfg = Debug|Any CPU
		{90326C21-CBFB-4481-B6EA-0F4CEF99E280}.Debug|Any CPU.Build.0 = Debug|Any CPU
		{90326C21-CBFB-4481-B6EA-0F4CEF99E280}.Release|Any CPU.ActiveCfg = Release|Any CPU
		{90326C21-CBFB-4481-B6EA-0F4CEF99E280}.Release|Any CPU.Build.0 = Release|Any CPU
	EndGlobalSection
	GlobalSection(SolutionProperties) = preSolution
		HideSolutionNode = FALSE
	EndGlobalSection
	GlobalSection(ExtensibilityGlobals) = postSolution
		SolutionGuid = {3AAC4E66-7E17-4116-AFFA-44C279481667}
	EndGlobalSection
EndGlobal
